// !$*UTF8*$!
{
	archiveVersion = 1;
	classes = {
	};
	objectVersion = 50;
	objects = {

/* Begin PBXBuildFile section */
		1124B8D0939FA39F9BFB3C13 /* Pods_ItemRental_iOS.framework in Frameworks */ = {isa = PBXBuildFile; fileRef = 127251CA2D5E1DCD23DB2661 /* Pods_ItemRental_iOS.framework */; };
		A11DDA6E21BEFAB800FEC9F5 /* AppDelegate.swift in Sources */ = {isa = PBXBuildFile; fileRef = A11DDA6D21BEFAB800FEC9F5 /* AppDelegate.swift */; };
		A11DDA7021BEFAB800FEC9F5 /* ViewController.swift in Sources */ = {isa = PBXBuildFile; fileRef = A11DDA6F21BEFAB800FEC9F5 /* ViewController.swift */; };
		A11DDA7521BEFAB900FEC9F5 /* Assets.xcassets in Resources */ = {isa = PBXBuildFile; fileRef = A11DDA7421BEFAB900FEC9F5 /* Assets.xcassets */; };
		A11DDA7821BEFAB900FEC9F5 /* LaunchScreen.storyboard in Resources */ = {isa = PBXBuildFile; fileRef = A11DDA7621BEFAB900FEC9F5 /* LaunchScreen.storyboard */; };
		A11DDA8121BF008F00FEC9F5 /* ItemsViewController.swift in Sources */ = {isa = PBXBuildFile; fileRef = A11DDA8021BF008F00FEC9F5 /* ItemsViewController.swift */; };
		A11DDA8421BF054A00FEC9F5 /* Padding.swift in Sources */ = {isa = PBXBuildFile; fileRef = A11DDA8321BF054A00FEC9F5 /* Padding.swift */; };
		A1C9223021D4E50E00B05352 /* ItemsCollectionViewCell.swift in Sources */ = {isa = PBXBuildFile; fileRef = A1C9222F21D4E50E00B05352 /* ItemsCollectionViewCell.swift */; };
		A1C9223221D4E62D00B05352 /* ItemsViewModel.swift in Sources */ = {isa = PBXBuildFile; fileRef = A1C9223121D4E62D00B05352 /* ItemsViewModel.swift */; };
		A1C9223521D4E6FD00B05352 /* ItemDetailsViewController.swift in Sources */ = {isa = PBXBuildFile; fileRef = A1C9223421D4E6FD00B05352 /* ItemDetailsViewController.swift */; };
		A1C9223821D4E7A800B05352 /* User.swift in Sources */ = {isa = PBXBuildFile; fileRef = A1C9223721D4E7A800B05352 /* User.swift */; };
		A1C9223A21D4E7F400B05352 /* Location.swift in Sources */ = {isa = PBXBuildFile; fileRef = A1C9223921D4E7F400B05352 /* Location.swift */; };
		A1C9223D21D4E84C00B05352 /* Review.swift in Sources */ = {isa = PBXBuildFile; fileRef = A1C9223C21D4E84C00B05352 /* Review.swift */; };
		A1C9223F21D4E8DB00B05352 /* RentableItem.swift in Sources */ = {isa = PBXBuildFile; fileRef = A1C9223E21D4E8DB00B05352 /* RentableItem.swift */; };
		A1C9224421D4F87A00B05352 /* ItemManager.swift in Sources */ = {isa = PBXBuildFile; fileRef = A1C9224321D4F87A00B05352 /* ItemManager.swift */; };
		A1C9224621D4F88400B05352 /* UserManager.swift in Sources */ = {isa = PBXBuildFile; fileRef = A1C9224521D4F88400B05352 /* UserManager.swift */; };
		A1C9224921D4F97A00B05352 /* LoginViewController.swift in Sources */ = {isa = PBXBuildFile; fileRef = A1C9224821D4F97A00B05352 /* LoginViewController.swift */; };
		A1C9224B21D52B7A00B05352 /* Height.swift in Sources */ = {isa = PBXBuildFile; fileRef = A1C9224A21D52B7A00B05352 /* Height.swift */; };
		A1C9224D21D52CF900B05352 /* AuthenticationManager.swift in Sources */ = {isa = PBXBuildFile; fileRef = A1C9224C21D52CF900B05352 /* AuthenticationManager.swift */; };
		A1C9225021D52F8B00B05352 /* RegisterViewController.swift in Sources */ = {isa = PBXBuildFile; fileRef = A1C9224F21D52F8B00B05352 /* RegisterViewController.swift */; };
		A1C9225321E024BC00B05352 /* ReviewViewController.swift in Sources */ = {isa = PBXBuildFile; fileRef = A1C9225221E024BC00B05352 /* ReviewViewController.swift */; };
		A1C9225521E0328E00B05352 /* ReviewManager.swift in Sources */ = {isa = PBXBuildFile; fileRef = A1C9225421E0328E00B05352 /* ReviewManager.swift */; };
		A1C9225821E0DA5800B05352 /* AddItemViewController.swift in Sources */ = {isa = PBXBuildFile; fileRef = A1C9225721E0DA5800B05352 /* AddItemViewController.swift */; };
		A1C9225B21E0E07300B05352 /* UIViewController+Extensions.swift in Sources */ = {isa = PBXBuildFile; fileRef = A1C9225A21E0E07300B05352 /* UIViewController+Extensions.swift */; };
/* End PBXBuildFile section */

/* Begin PBXFileReference section */
		07870B383C21CEA42A948904 /* Pods-ItemRental-iOS.release.xcconfig */ = {isa = PBXFileReference; includeInIndex = 1; lastKnownFileType = text.xcconfig; name = "Pods-ItemRental-iOS.release.xcconfig"; path = "Pods/Target Support Files/Pods-ItemRental-iOS/Pods-ItemRental-iOS.release.xcconfig"; sourceTree = "<group>"; };
		127251CA2D5E1DCD23DB2661 /* Pods_ItemRental_iOS.framework */ = {isa = PBXFileReference; explicitFileType = wrapper.framework; includeInIndex = 0; path = Pods_ItemRental_iOS.framework; sourceTree = BUILT_PRODUCTS_DIR; };
		53B4762F85CB0644FD14FE3C /* Pods-ItemRental-iOS.debug.xcconfig */ = {isa = PBXFileReference; includeInIndex = 1; lastKnownFileType = text.xcconfig; name = "Pods-ItemRental-iOS.debug.xcconfig"; path = "Pods/Target Support Files/Pods-ItemRental-iOS/Pods-ItemRental-iOS.debug.xcconfig"; sourceTree = "<group>"; };
		A11DDA6A21BEFAB800FEC9F5 /* ItemRental-iOS.app */ = {isa = PBXFileReference; explicitFileType = wrapper.application; includeInIndex = 0; path = "ItemRental-iOS.app"; sourceTree = BUILT_PRODUCTS_DIR; };
		A11DDA6D21BEFAB800FEC9F5 /* AppDelegate.swift */ = {isa = PBXFileReference; lastKnownFileType = sourcecode.swift; path = AppDelegate.swift; sourceTree = "<group>"; };
		A11DDA6F21BEFAB800FEC9F5 /* ViewController.swift */ = {isa = PBXFileReference; lastKnownFileType = sourcecode.swift; path = ViewController.swift; sourceTree = "<group>"; };
		A11DDA7421BEFAB900FEC9F5 /* Assets.xcassets */ = {isa = PBXFileReference; lastKnownFileType = folder.assetcatalog; path = Assets.xcassets; sourceTree = "<group>"; };
		A11DDA7721BEFAB900FEC9F5 /* Base */ = {isa = PBXFileReference; lastKnownFileType = file.storyboard; name = Base; path = Base.lproj/LaunchScreen.storyboard; sourceTree = "<group>"; };
		A11DDA7921BEFAB900FEC9F5 /* Info.plist */ = {isa = PBXFileReference; lastKnownFileType = text.plist.xml; path = Info.plist; sourceTree = "<group>"; };
		A11DDA8021BF008F00FEC9F5 /* ItemsViewController.swift */ = {isa = PBXFileReference; lastKnownFileType = sourcecode.swift; path = ItemsViewController.swift; sourceTree = "<group>"; };
		A11DDA8321BF054A00FEC9F5 /* Padding.swift */ = {isa = PBXFileReference; lastKnownFileType = sourcecode.swift; path = Padding.swift; sourceTree = "<group>"; };
		A1C9222F21D4E50E00B05352 /* ItemsCollectionViewCell.swift */ = {isa = PBXFileReference; lastKnownFileType = sourcecode.swift; path = ItemsCollectionViewCell.swift; sourceTree = "<group>"; };
		A1C9223121D4E62D00B05352 /* ItemsViewModel.swift */ = {isa = PBXFileReference; lastKnownFileType = sourcecode.swift; path = ItemsViewModel.swift; sourceTree = "<group>"; };
		A1C9223421D4E6FD00B05352 /* ItemDetailsViewController.swift */ = {isa = PBXFileReference; lastKnownFileType = sourcecode.swift; path = ItemDetailsViewController.swift; sourceTree = "<group>"; };
		A1C9223721D4E7A800B05352 /* User.swift */ = {isa = PBXFileReference; lastKnownFileType = sourcecode.swift; path = User.swift; sourceTree = "<group>"; };
		A1C9223921D4E7F400B05352 /* Location.swift */ = {isa = PBXFileReference; lastKnownFileType = sourcecode.swift; path = Location.swift; sourceTree = "<group>"; };
		A1C9223C21D4E84C00B05352 /* Review.swift */ = {isa = PBXFileReference; lastKnownFileType = sourcecode.swift; path = Review.swift; sourceTree = "<group>"; };
		A1C9223E21D4E8DB00B05352 /* RentableItem.swift */ = {isa = PBXFileReference; lastKnownFileType = sourcecode.swift; path = RentableItem.swift; sourceTree = "<group>"; };
		A1C9224321D4F87A00B05352 /* ItemManager.swift */ = {isa = PBXFileReference; lastKnownFileType = sourcecode.swift; path = ItemManager.swift; sourceTree = "<group>"; };
		A1C9224521D4F88400B05352 /* UserManager.swift */ = {isa = PBXFileReference; lastKnownFileType = sourcecode.swift; path = UserManager.swift; sourceTree = "<group>"; };
		A1C9224821D4F97A00B05352 /* LoginViewController.swift */ = {isa = PBXFileReference; lastKnownFileType = sourcecode.swift; path = LoginViewController.swift; sourceTree = "<group>"; };
		A1C9224A21D52B7A00B05352 /* Height.swift */ = {isa = PBXFileReference; lastKnownFileType = sourcecode.swift; path = Height.swift; sourceTree = "<group>"; };
		A1C9224C21D52CF900B05352 /* AuthenticationManager.swift */ = {isa = PBXFileReference; lastKnownFileType = sourcecode.swift; path = AuthenticationManager.swift; sourceTree = "<group>"; };
		A1C9224F21D52F8B00B05352 /* RegisterViewController.swift */ = {isa = PBXFileReference; lastKnownFileType = sourcecode.swift; path = RegisterViewController.swift; sourceTree = "<group>"; };
		A1C9225221E024BC00B05352 /* ReviewViewController.swift */ = {isa = PBXFileReference; lastKnownFileType = sourcecode.swift; path = ReviewViewController.swift; sourceTree = "<group>"; };
		A1C9225421E0328E00B05352 /* ReviewManager.swift */ = {isa = PBXFileReference; lastKnownFileType = sourcecode.swift; path = ReviewManager.swift; sourceTree = "<group>"; };
		A1C9225721E0DA5800B05352 /* AddItemViewController.swift */ = {isa = PBXFileReference; lastKnownFileType = sourcecode.swift; path = AddItemViewController.swift; sourceTree = "<group>"; };
		A1C9225A21E0E07300B05352 /* UIViewController+Extensions.swift */ = {isa = PBXFileReference; lastKnownFileType = sourcecode.swift; path = "UIViewController+Extensions.swift"; sourceTree = "<group>"; };
/* End PBXFileReference section */

/* Begin PBXFrameworksBuildPhase section */
		A11DDA6721BEFAB800FEC9F5 /* Frameworks */ = {
			isa = PBXFrameworksBuildPhase;
			buildActionMask = 2147483647;
			files = (
				1124B8D0939FA39F9BFB3C13 /* Pods_ItemRental_iOS.framework in Frameworks */,
			);
			runOnlyForDeploymentPostprocessing = 0;
		};
/* End PBXFrameworksBuildPhase section */

/* Begin PBXGroup section */
		99F403059D68A91197EA42FE /* Frameworks */ = {
			isa = PBXGroup;
			children = (
				127251CA2D5E1DCD23DB2661 /* Pods_ItemRental_iOS.framework */,
			);
			name = Frameworks;
			sourceTree = "<group>";
		};
		A11DDA6121BEFAB800FEC9F5 = {
			isa = PBXGroup;
			children = (
				A11DDA6C21BEFAB800FEC9F5 /* ItemRental-iOS */,
				A11DDA6B21BEFAB800FEC9F5 /* Products */,
				C287C3290FEB8508F916A766 /* Pods */,
				99F403059D68A91197EA42FE /* Frameworks */,
			);
			sourceTree = "<group>";
		};
		A11DDA6B21BEFAB800FEC9F5 /* Products */ = {
			isa = PBXGroup;
			children = (
				A11DDA6A21BEFAB800FEC9F5 /* ItemRental-iOS.app */,
			);
			name = Products;
			sourceTree = "<group>";
		};
		A11DDA6C21BEFAB800FEC9F5 /* ItemRental-iOS */ = {
			isa = PBXGroup;
			children = (
				A11DDA6D21BEFAB800FEC9F5 /* AppDelegate.swift */,
				A11DDA7421BEFAB900FEC9F5 /* Assets.xcassets */,
				A1C9223621D4E79900B05352 /* Business */,
				A11DDA7921BEFAB900FEC9F5 /* Info.plist */,
				A11DDA7621BEFAB900FEC9F5 /* LaunchScreen.storyboard */,
				A11DDA7F21BF007700FEC9F5 /* UI */,
				A11DDA8221BF053F00FEC9F5 /* Utils */,
				A11DDA6F21BEFAB800FEC9F5 /* ViewController.swift */,
			);
			path = "ItemRental-iOS";
			sourceTree = "<group>";
		};
		A11DDA7F21BF007700FEC9F5 /* UI */ = {
			isa = PBXGroup;
			children = (
				A1C9225621E0DA4800B05352 /* Add Item */,
				A1C9225121E0249500B05352 /* Reviews */,
				A1C9224E21D52F7600B05352 /* Register */,
				A1C9224721D4F96B00B05352 /* Login */,
				A1C9223321D4E6E600B05352 /* ItemDetails */,
				A1C9222E21D4E4F900B05352 /* Items */,
			);
			path = UI;
			sourceTree = "<group>";
		};
		A11DDA8221BF053F00FEC9F5 /* Utils */ = {
			isa = PBXGroup;
			children = (
				A1C9225921E0E05F00B05352 /* Extensions */,
				A11DDA8321BF054A00FEC9F5 /* Padding.swift */,
				A1C9224A21D52B7A00B05352 /* Height.swift */,
			);
			path = Utils;
			sourceTree = "<group>";
		};
		A1C9222E21D4E4F900B05352 /* Items */ = {
			isa = PBXGroup;
			children = (
				A11DDA8021BF008F00FEC9F5 /* ItemsViewController.swift */,
				A1C9222F21D4E50E00B05352 /* ItemsCollectionViewCell.swift */,
				A1C9223121D4E62D00B05352 /* ItemsViewModel.swift */,
			);
			path = Items;
			sourceTree = "<group>";
		};
		A1C9223321D4E6E600B05352 /* ItemDetails */ = {
			isa = PBXGroup;
			children = (
				A1C9223421D4E6FD00B05352 /* ItemDetailsViewController.swift */,
			);
			path = ItemDetails;
			sourceTree = "<group>";
		};
		A1C9223621D4E79900B05352 /* Business */ = {
			isa = PBXGroup;
			children = (
				A1C9224221D4F86800B05352 /* Managers */,
				A1C9223B21D4E81D00B05352 /* DTOs */,
			);
			path = Business;
			sourceTree = "<group>";
		};
		A1C9223B21D4E81D00B05352 /* DTOs */ = {
			isa = PBXGroup;
			children = (
				A1C9223721D4E7A800B05352 /* User.swift */,
				A1C9223921D4E7F400B05352 /* Location.swift */,
				A1C9223C21D4E84C00B05352 /* Review.swift */,
				A1C9223E21D4E8DB00B05352 /* RentableItem.swift */,
			);
			path = DTOs;
			sourceTree = "<group>";
		};
		A1C9224221D4F86800B05352 /* Managers */ = {
			isa = PBXGroup;
			children = (
				A1C9224321D4F87A00B05352 /* ItemManager.swift */,
				A1C9224521D4F88400B05352 /* UserManager.swift */,
				A1C9224C21D52CF900B05352 /* AuthenticationManager.swift */,
				A1C9225421E0328E00B05352 /* ReviewManager.swift */,
			);
			path = Managers;
			sourceTree = "<group>";
		};
		A1C9224721D4F96B00B05352 /* Login */ = {
			isa = PBXGroup;
			children = (
				A1C9224821D4F97A00B05352 /* LoginViewController.swift */,
			);
			path = Login;
			sourceTree = "<group>";
		};
		A1C9224E21D52F7600B05352 /* Register */ = {
			isa = PBXGroup;
			children = (
				A1C9224F21D52F8B00B05352 /* RegisterViewController.swift */,
			);
			path = Register;
			sourceTree = "<group>";
		};
		A1C9225121E0249500B05352 /* Reviews */ = {
			isa = PBXGroup;
			children = (
				A1C9225221E024BC00B05352 /* ReviewViewController.swift */,
			);
			path = Reviews;
			sourceTree = "<group>";
		};
		A1C9225621E0DA4800B05352 /* Add Item */ = {
			isa = PBXGroup;
			children = (
				A1C9225721E0DA5800B05352 /* AddItemViewController.swift */,
			);
			path = "Add Item";
			sourceTree = "<group>";
		};
		A1C9225921E0E05F00B05352 /* Extensions */ = {
			isa = PBXGroup;
			children = (
				A1C9225A21E0E07300B05352 /* UIViewController+Extensions.swift */,
			);
			path = Extensions;
			sourceTree = "<group>";
		};
		C287C3290FEB8508F916A766 /* Pods */ = {
			isa = PBXGroup;
			children = (
				53B4762F85CB0644FD14FE3C /* Pods-ItemRental-iOS.debug.xcconfig */,
				07870B383C21CEA42A948904 /* Pods-ItemRental-iOS.release.xcconfig */,
			);
			name = Pods;
			sourceTree = "<group>";
		};
/* End PBXGroup section */

/* Begin PBXNativeTarget section */
		A11DDA6921BEFAB800FEC9F5 /* ItemRental-iOS */ = {
			isa = PBXNativeTarget;
			buildConfigurationList = A11DDA7C21BEFAB900FEC9F5 /* Build configuration list for PBXNativeTarget "ItemRental-iOS" */;
			buildPhases = (
				D5360FC579B1CA2D3AE65D7B /* [CP] Check Pods Manifest.lock */,
				A11DDA6621BEFAB800FEC9F5 /* Sources */,
				A11DDA6721BEFAB800FEC9F5 /* Frameworks */,
				A11DDA6821BEFAB800FEC9F5 /* Resources */,
				D132AC1EFAB0967948548934 /* [CP] Embed Pods Frameworks */,
			);
			buildRules = (
			);
			dependencies = (
			);
			name = "ItemRental-iOS";
			productName = "ItemRental-iOS";
			productReference = A11DDA6A21BEFAB800FEC9F5 /* ItemRental-iOS.app */;
			productType = "com.apple.product-type.application";
		};
/* End PBXNativeTarget section */

/* Begin PBXProject section */
		A11DDA6221BEFAB800FEC9F5 /* Project object */ = {
			isa = PBXProject;
			attributes = {
				LastSwiftUpdateCheck = 1010;
				LastUpgradeCheck = 1010;
				ORGANIZATIONNAME = "Stefan Lupascu";
				TargetAttributes = {
					A11DDA6921BEFAB800FEC9F5 = {
						CreatedOnToolsVersion = 10.1;
					};
				};
			};
			buildConfigurationList = A11DDA6521BEFAB800FEC9F5 /* Build configuration list for PBXProject "ItemRental-iOS" */;
			compatibilityVersion = "Xcode 9.3";
			developmentRegion = en;
			hasScannedForEncodings = 0;
			knownRegions = (
				en,
				Base,
			);
			mainGroup = A11DDA6121BEFAB800FEC9F5;
			productRefGroup = A11DDA6B21BEFAB800FEC9F5 /* Products */;
			projectDirPath = "";
			projectRoot = "";
			targets = (
				A11DDA6921BEFAB800FEC9F5 /* ItemRental-iOS */,
			);
		};
/* End PBXProject section */

/* Begin PBXResourcesBuildPhase section */
		A11DDA6821BEFAB800FEC9F5 /* Resources */ = {
			isa = PBXResourcesBuildPhase;
			buildActionMask = 2147483647;
			files = (
				A11DDA7821BEFAB900FEC9F5 /* LaunchScreen.storyboard in Resources */,
				A11DDA7521BEFAB900FEC9F5 /* Assets.xcassets in Resources */,
			);
			runOnlyForDeploymentPostprocessing = 0;
		};
/* End PBXResourcesBuildPhase section */

/* Begin PBXShellScriptBuildPhase section */
		D132AC1EFAB0967948548934 /* [CP] Embed Pods Frameworks */ = {
			isa = PBXShellScriptBuildPhase;
			buildActionMask = 2147483647;
			files = (
			);
			inputFileListPaths = (
			);
			inputPaths = (
				"${SRCROOT}/Pods/Target Support Files/Pods-ItemRental-iOS/Pods-ItemRental-iOS-frameworks.sh",
				"${BUILT_PRODUCTS_DIR}/SnapKit/SnapKit.framework",
			);
			name = "[CP] Embed Pods Frameworks";
			outputFileListPaths = (
			);
			outputPaths = (
				"${TARGET_BUILD_DIR}/${FRAMEWORKS_FOLDER_PATH}/SnapKit.framework",
			);
			runOnlyForDeploymentPostprocessing = 0;
			shellPath = /bin/sh;
			shellScript = "\"${SRCROOT}/Pods/Target Support Files/Pods-ItemRental-iOS/Pods-ItemRental-iOS-frameworks.sh\"\n";
			showEnvVarsInLog = 0;
		};
		D5360FC579B1CA2D3AE65D7B /* [CP] Check Pods Manifest.lock */ = {
			isa = PBXShellScriptBuildPhase;
			buildActionMask = 2147483647;
			files = (
			);
			inputFileListPaths = (
			);
			inputPaths = (
				"${PODS_PODFILE_DIR_PATH}/Podfile.lock",
				"${PODS_ROOT}/Manifest.lock",
			);
			name = "[CP] Check Pods Manifest.lock";
			outputFileListPaths = (
			);
			outputPaths = (
				"$(DERIVED_FILE_DIR)/Pods-ItemRental-iOS-checkManifestLockResult.txt",
			);
			runOnlyForDeploymentPostprocessing = 0;
			shellPath = /bin/sh;
			shellScript = "diff \"${PODS_PODFILE_DIR_PATH}/Podfile.lock\" \"${PODS_ROOT}/Manifest.lock\" > /dev/null\nif [ $? != 0 ] ; then\n    # print error to STDERR\n    echo \"error: The sandbox is not in sync with the Podfile.lock. Run 'pod install' or update your CocoaPods installation.\" >&2\n    exit 1\nfi\n# This output is used by Xcode 'outputs' to avoid re-running this script phase.\necho \"SUCCESS\" > \"${SCRIPT_OUTPUT_FILE_0}\"\n";
			showEnvVarsInLog = 0;
		};
/* End PBXShellScriptBuildPhase section */

/* Begin PBXSourcesBuildPhase section */
		A11DDA6621BEFAB800FEC9F5 /* Sources */ = {
			isa = PBXSourcesBuildPhase;
			buildActionMask = 2147483647;
			files = (
				A1C9224921D4F97A00B05352 /* LoginViewController.swift in Sources */,
				A1C9224D21D52CF900B05352 /* AuthenticationManager.swift in Sources */,
				A11DDA7021BEFAB800FEC9F5 /* ViewController.swift in Sources */,
				A11DDA8121BF008F00FEC9F5 /* ItemsViewController.swift in Sources */,
				A1C9225321E024BC00B05352 /* ReviewViewController.swift in Sources */,
				A1C9225821E0DA5800B05352 /* AddItemViewController.swift in Sources */,
				A11DDA6E21BEFAB800FEC9F5 /* AppDelegate.swift in Sources */,
				A1C9224621D4F88400B05352 /* UserManager.swift in Sources */,
				A1C9223021D4E50E00B05352 /* ItemsCollectionViewCell.swift in Sources */,
				A1C9223A21D4E7F400B05352 /* Location.swift in Sources */,
				A1C9225B21E0E07300B05352 /* UIViewController+Extensions.swift in Sources */,
				A1C9223D21D4E84C00B05352 /* Review.swift in Sources */,
				A1C9223F21D4E8DB00B05352 /* RentableItem.swift in Sources */,
				A1C9223821D4E7A800B05352 /* User.swift in Sources */,
				A11DDA8421BF054A00FEC9F5 /* Padding.swift in Sources */,
				A1C9225521E0328E00B05352 /* ReviewManager.swift in Sources */,
				A1C9224B21D52B7A00B05352 /* Height.swift in Sources */,
				A1C9225021D52F8B00B05352 /* RegisterViewController.swift in Sources */,
				A1C9223521D4E6FD00B05352 /* ItemDetailsViewController.swift in Sources */,
				A1C9224421D4F87A00B05352 /* ItemManager.swift in Sources */,
				A1C9223221D4E62D00B05352 /* ItemsViewModel.swift in Sources */,
			);
			runOnlyForDeploymentPostprocessing = 0;
		};
/* End PBXSourcesBuildPhase section */

/* Begin PBXVariantGroup section */
		A11DDA7621BEFAB900FEC9F5 /* LaunchScreen.storyboard */ = {
			isa = PBXVariantGroup;
			children = (
				A11DDA7721BEFAB900FEC9F5 /* Base */,
			);
			name = LaunchScreen.storyboard;
			sourceTree = "<group>";
		};
/* End PBXVariantGroup section */

/* Begin XCBuildConfiguration section */
		A11DDA7A21BEFAB900FEC9F5 /* Debug */ = {
			isa = XCBuildConfiguration;
			buildSettings = {
				ALWAYS_SEARCH_USER_PATHS = NO;
				CLANG_ANALYZER_NONNULL = YES;
				CLANG_ANALYZER_NUMBER_OBJECT_CONVERSION = YES_AGGRESSIVE;
				CLANG_CXX_LANGUAGE_STANDARD = "gnu++14";
				CLANG_CXX_LIBRARY = "libc++";
				CLANG_ENABLE_MODULES = YES;
				CLANG_ENABLE_OBJC_ARC = YES;
				CLANG_ENABLE_OBJC_WEAK = YES;
				CLANG_WARN_BLOCK_CAPTURE_AUTORELEASING = YES;
				CLANG_WARN_BOOL_CONVERSION = YES;
				CLANG_WARN_COMMA = YES;
				CLANG_WARN_CONSTANT_CONVERSION = YES;
				CLANG_WARN_DEPRECATED_OBJC_IMPLEMENTATIONS = YES;
				CLANG_WARN_DIRECT_OBJC_ISA_USAGE = YES_ERROR;
				CLANG_WARN_DOCUMENTATION_COMMENTS = YES;
				CLANG_WARN_EMPTY_BODY = YES;
				CLANG_WARN_ENUM_CONVERSION = YES;
				CLANG_WARN_INFINITE_RECURSION = YES;
				CLANG_WARN_INT_CONVERSION = YES;
				CLANG_WARN_NON_LITERAL_NULL_CONVERSION = YES;
				CLANG_WARN_OBJC_IMPLICIT_RETAIN_SELF = YES;
				CLANG_WARN_OBJC_LITERAL_CONVERSION = YES;
				CLANG_WARN_OBJC_ROOT_CLASS = YES_ERROR;
				CLANG_WARN_RANGE_LOOP_ANALYSIS = YES;
				CLANG_WARN_STRICT_PROTOTYPES = YES;
				CLANG_WARN_SUSPICIOUS_MOVE = YES;
				CLANG_WARN_UNGUARDED_AVAILABILITY = YES_AGGRESSIVE;
				CLANG_WARN_UNREACHABLE_CODE = YES;
				CLANG_WARN__DUPLICATE_METHOD_MATCH = YES;
				CODE_SIGN_IDENTITY = "iPhone Developer";
				COPY_PHASE_STRIP = NO;
				DEBUG_INFORMATION_FORMAT = dwarf;
				ENABLE_STRICT_OBJC_MSGSEND = YES;
				ENABLE_TESTABILITY = YES;
				GCC_C_LANGUAGE_STANDARD = gnu11;
				GCC_DYNAMIC_NO_PIC = NO;
				GCC_NO_COMMON_BLOCKS = YES;
				GCC_OPTIMIZATION_LEVEL = 0;
				GCC_PREPROCESSOR_DEFINITIONS = (
					"DEBUG=1",
					"$(inherited)",
				);
				GCC_WARN_64_TO_32_BIT_CONVERSION = YES;
				GCC_WARN_ABOUT_RETURN_TYPE = YES_ERROR;
				GCC_WARN_UNDECLARED_SELECTOR = YES;
				GCC_WARN_UNINITIALIZED_AUTOS = YES_AGGRESSIVE;
				GCC_WARN_UNUSED_FUNCTION = YES;
				GCC_WARN_UNUSED_VARIABLE = YES;
				IPHONEOS_DEPLOYMENT_TARGET = 12.1;
				MTL_ENABLE_DEBUG_INFO = INCLUDE_SOURCE;
				MTL_FAST_MATH = YES;
				ONLY_ACTIVE_ARCH = YES;
				SDKROOT = iphoneos;
				SWIFT_ACTIVE_COMPILATION_CONDITIONS = DEBUG;
				SWIFT_OPTIMIZATION_LEVEL = "-Onone";
			};
			name = Debug;
		};
		A11DDA7B21BEFAB900FEC9F5 /* Release */ = {
			isa = XCBuildConfiguration;
			buildSettings = {
				ALWAYS_SEARCH_USER_PATHS = NO;
				CLANG_ANALYZER_NONNULL = YES;
				CLANG_ANALYZER_NUMBER_OBJECT_CONVERSION = YES_AGGRESSIVE;
				CLANG_CXX_LANGUAGE_STANDARD = "gnu++14";
				CLANG_CXX_LIBRARY = "libc++";
				CLANG_ENABLE_MODULES = YES;
				CLANG_ENABLE_OBJC_ARC = YES;
				CLANG_ENABLE_OBJC_WEAK = YES;
				CLANG_WARN_BLOCK_CAPTURE_AUTORELEASING = YES;
				CLANG_WARN_BOOL_CONVERSION = YES;
				CLANG_WARN_COMMA = YES;
				CLANG_WARN_CONSTANT_CONVERSION = YES;
				CLANG_WARN_DEPRECATED_OBJC_IMPLEMENTATIONS = YES;
				CLANG_WARN_DIRECT_OBJC_ISA_USAGE = YES_ERROR;
				CLANG_WARN_DOCUMENTATION_COMMENTS = YES;
				CLANG_WARN_EMPTY_BODY = YES;
				CLANG_WARN_ENUM_CONVERSION = YES;
				CLANG_WARN_INFINITE_RECURSION = YES;
				CLANG_WARN_INT_CONVERSION = YES;
				CLANG_WARN_NON_LITERAL_NULL_CONVERSION = YES;
				CLANG_WARN_OBJC_IMPLICIT_RETAIN_SELF = YES;
				CLANG_WARN_OBJC_LITERAL_CONVERSION = YES;
				CLANG_WARN_OBJC_ROOT_CLASS = YES_ERROR;
				CLANG_WARN_RANGE_LOOP_ANALYSIS = YES;
				CLANG_WARN_STRICT_PROTOTYPES = YES;
				CLANG_WARN_SUSPICIOUS_MOVE = YES;
				CLANG_WARN_UNGUARDED_AVAILABILITY = YES_AGGRESSIVE;
				CLANG_WARN_UNREACHABLE_CODE = YES;
				CLANG_WARN__DUPLICATE_METHOD_MATCH = YES;
				CODE_SIGN_IDENTITY = "iPhone Developer";
				COPY_PHASE_STRIP = NO;
				DEBUG_INFORMATION_FORMAT = "dwarf-with-dsym";
				ENABLE_NS_ASSERTIONS = NO;
				ENABLE_STRICT_OBJC_MSGSEND = YES;
				GCC_C_LANGUAGE_STANDARD = gnu11;
				GCC_NO_COMMON_BLOCKS = YES;
				GCC_WARN_64_TO_32_BIT_CONVERSION = YES;
				GCC_WARN_ABOUT_RETURN_TYPE = YES_ERROR;
				GCC_WARN_UNDECLARED_SELECTOR = YES;
				GCC_WARN_UNINITIALIZED_AUTOS = YES_AGGRESSIVE;
				GCC_WARN_UNUSED_FUNCTION = YES;
				GCC_WARN_UNUSED_VARIABLE = YES;
				IPHONEOS_DEPLOYMENT_TARGET = 12.1;
				MTL_ENABLE_DEBUG_INFO = NO;
				MTL_FAST_MATH = YES;
				SDKROOT = iphoneos;
				SWIFT_COMPILATION_MODE = wholemodule;
				SWIFT_OPTIMIZATION_LEVEL = "-O";
				VALIDATE_PRODUCT = YES;
			};
			name = Release;
		};
		A11DDA7D21BEFAB900FEC9F5 /* Debug */ = {
			isa = XCBuildConfiguration;
			baseConfigurationReference = 53B4762F85CB0644FD14FE3C /* Pods-ItemRental-iOS.debug.xcconfig */;
			buildSettings = {
				ASSETCATALOG_COMPILER_APPICON_NAME = AppIcon;
				CODE_SIGN_STYLE = Automatic;
				DEVELOPMENT_TEAM = BSU69XA3A9;
				INFOPLIST_FILE = "ItemRental-iOS/Info.plist";
				LD_RUNPATH_SEARCH_PATHS = (
					"$(inherited)",
					"@executable_path/Frameworks",
				);
				PRODUCT_BUNDLE_IDENTIFIER = "cpp.ItemRental-iOS";
				PRODUCT_NAME = "$(TARGET_NAME)";
				SWIFT_VERSION = 4.2;
				TARGETED_DEVICE_FAMILY = "1,2";
			};
			name = Debug;
		};
		A11DDA7E21BEFAB900FEC9F5 /* Release */ = {
			isa = XCBuildConfiguration;
			baseConfigurationReference = 07870B383C21CEA42A948904 /* Pods-ItemRental-iOS.release.xcconfig */;
			buildSettings = {
				ASSETCATALOG_COMPILER_APPICON_NAME = AppIcon;
				CODE_SIGN_STYLE = Automatic;
				DEVELOPMENT_TEAM = BSU69XA3A9;
				INFOPLIST_FILE = "ItemRental-iOS/Info.plist";
				LD_RUNPATH_SEARCH_PATHS = (
					"$(inherited)",
					"@executable_path/Frameworks",
				);
				PRODUCT_BUNDLE_IDENTIFIER = "cpp.ItemRental-iOS";
				PRODUCT_NAME = "$(TARGET_NAME)";
				SWIFT_VERSION = 4.2;
				TARGETED_DEVICE_FAMILY = "1,2";
			};
			name = Release;
		};
/* End XCBuildConfiguration section */

/* Begin XCConfigurationList section */
		A11DDA6521BEFAB800FEC9F5 /* Build configuration list for PBXProject "ItemRental-iOS" */ = {
			isa = XCConfigurationList;
			buildConfigurations = (
				A11DDA7A21BEFAB900FEC9F5 /* Debug */,
				A11DDA7B21BEFAB900FEC9F5 /* Release */,
			);
			defaultConfigurationIsVisible = 0;
			defaultConfigurationName = Release;
		};
		A11DDA7C21BEFAB900FEC9F5 /* Build configuration list for PBXNativeTarget "ItemRental-iOS" */ = {
			isa = XCConfigurationList;
			buildConfigurations = (
				A11DDA7D21BEFAB900FEC9F5 /* Debug */,
				A11DDA7E21BEFAB900FEC9F5 /* Release */,
			);
			defaultConfigurationIsVisible = 0;
			defaultConfigurationName = Release;
		};
/* End XCConfigurationList section */
	};
	rootObject = A11DDA6221BEFAB800FEC9F5 /* Project object */;
}
